
Microsoft Visual Studio Solution File, Format Version 12.00
# Visual Studio Version 16
VisualStudioVersion = 16.0.31129.286
MinimumVisualStudioVersion = 10.0.40219.1
Project("{FAE04EC0-301F-11D3-BF4B-00C04F79EFBC}") = "Курсовая_Веб", "Курсовая_Веб.csproj", "{87847C67-CC35-48F3-AECF-9522A243F274}"
EndProject
Global
	GlobalSection(SolutionConfigurationPlatforms) = preSolution
		Debug|Any CPU = Debug|Any CPU
		Release|Any CPU = Release|Any CPU
	EndGlobalSection
	GlobalSection(ProjectConfigurationPlatforms) = postSolution
		{87847C67-CC35-48F3-AECF-9522A243F274}.Debug|Any CPU.ActiveCfg = Debug|Any CPU
		{87847C67-CC35-48F3-AECF-9522A243F274}.Debug|Any CPU.Build.0 = Debug|Any CPU
		{87847C67-CC35-48F3-AECF-9522A243F274}.Release|Any CPU.ActiveCfg = Release|Any CPU
		{87847C67-CC35-48F3-AECF-9522A243F274}.Release|Any CPU.Build.0 = Release|Any CPU
	EndGlobalSection
	GlobalSection(SolutionProperties) = preSolution
		HideSolutionNode = FALSE
	EndGlobalSection
	GlobalSection(ExtensibilityGlobals) = postSolution
		SolutionGuid = {F659BD29-1632-4849-A3CA-79D89F755A6B}
	EndGlobalSection
EndGlobal
